// !$*UTF8*$!
{
	archiveVersion = 1;
	classes = {
	};
	objectVersion = 46;
	objects = {
/* Begin PBXBuildFile section */
		0207DA581B56EA530066E2B4 /* Images.xcassets in Resources */ = {isa = PBXBuildFile; fileRef = 0207DA571B56EA530066E2B4 /* Images.xcassets */; };
		1D3623260D0F684500981E51 /* AppDelegate.m in Sources */ = {isa = PBXBuildFile; fileRef = 1D3623250D0F684500981E51 /* AppDelegate.m */; };
		1D60589B0D05DD56006BFB54 /* main.m in Sources */ = {isa = PBXBuildFile; fileRef = 29B97316FDCFA39411CA2CEA /* main.m */; };
		301BF552109A68D80062928A /* libCordova.a in Frameworks */ = {isa = PBXBuildFile; fileRef = 301BF535109A57CC0062928A /* libCordova.a */; };
		302D95F114D2391D003F00A1 /* MainViewController.m in Sources */ = {isa = PBXBuildFile; fileRef = 302D95EF14D2391D003F00A1 /* MainViewController.m */; };
		302D95F214D2391D003F00A1 /* MainViewController.xib in Resources */ = {isa = PBXBuildFile; fileRef = 302D95F014D2391D003F00A1 /* MainViewController.xib */; };
		3047A5121AB8059700498E2A /* build-debug.xcconfig in Resources */ = {isa = PBXBuildFile; fileRef = 3047A50F1AB8059700498E2A /* build-debug.xcconfig */; };
		3047A5131AB8059700498E2A /* build-release.xcconfig in Resources */ = {isa = PBXBuildFile; fileRef = 3047A5101AB8059700498E2A /* build-release.xcconfig */; };
		3047A5141AB8059700498E2A /* build.xcconfig in Resources */ = {isa = PBXBuildFile; fileRef = 3047A5111AB8059700498E2A /* build.xcconfig */; };
		6AFF5BF91D6E424B00AB3073 /* CDVLaunchScreen.storyboard in Resources */ = {isa = PBXBuildFile; fileRef = 6AFF5BF81D6E424B00AB3073 /* CDVLaunchScreen.storyboard */; };
		B48779CAD0DE47A197B831C3 /* GoogleMaps.bundle in Resources */ = {isa = PBXBuildFile; fileRef = 44C78AC0ED804BDB86D1BBAC /* GoogleMaps.bundle */; };
		20A131F520644664B8B3D38F /* Accelerate.framework in Frameworks */ = {isa = PBXBuildFile; fileRef = 0894EFFA12184C569EB6F72A /* Accelerate.framework */; };
		BA5B3BCFAB4E4C669257185B /* CoreData.framework in Frameworks */ = {isa = PBXBuildFile; fileRef = CB99A88B52C840DF844211C7 /* CoreData.framework */; };
		9BAF9438358846E6B486D0F8 /* CoreLocation.framework in Frameworks */ = {isa = PBXBuildFile; fileRef = 6273015436BA4B2881BCBB0D /* CoreLocation.framework */; };
		82FB42C7012C4B88AAAF1F9B /* CoreTelephony.framework in Frameworks */ = {isa = PBXBuildFile; fileRef = AF65A97E692A44659628FAE3 /* CoreTelephony.framework */; };
		4B0F77103FF7422A88EBE608 /* CoreText.framework in Frameworks */ = {isa = PBXBuildFile; fileRef = 6CC01C12130E43FBA0A3DF4B /* CoreText.framework */; };
		9F3403A4A65B411B8E319852 /* GLKit.framework in Frameworks */ = {isa = PBXBuildFile; fileRef = 70856F9A88FD44FC8AF6F620 /* GLKit.framework */; };
		50FCD671AE8741A785D37DEA /* ImageIO.framework in Frameworks */ = {isa = PBXBuildFile; fileRef = D59A5222CD394921BB795870 /* ImageIO.framework */; };
		0B929149D4274C37ACE2AF42 /* libc++.tbd in Frameworks */ = {isa = PBXBuildFile; fileRef = BAD49FFE3783463F9BF9D308 /* libc++.tbd */; };
		EBB745D35DFF4F82AD1A98B3 /* libz.tbd in Frameworks */ = {isa = PBXBuildFile; fileRef = F308D4D8BCEA4966ACEABE9B /* libz.tbd */; };
		AD3B51B1101E4FFCA0AA4CBA /* OpenGLES.framework in Frameworks */ = {isa = PBXBuildFile; fileRef = 2E585D2600754186998F869C /* OpenGLES.framework */; };
		50EB559812BB4DC18E15B9B2 /* QuartzCore.framework in Frameworks */ = {isa = PBXBuildFile; fileRef = 1FA3635076D14A59845123FE /* QuartzCore.framework */; };
		27FA574400E7412FA39197CC /* SystemConfiguration.framework in Frameworks */ = {isa = PBXBuildFile; fileRef = 8DF618B30E7C4713860BBD24 /* SystemConfiguration.framework */; };
		96F57C0769814690A59230CF /* UIKit.framework in Frameworks */ = {isa = PBXBuildFile; fileRef = 2D0349401EAA421F9B4299EB /* UIKit.framework */; };
		3EFD4D3376DD4A16BCDDFC5F /* GoogleMapsBase.framework in Frameworks */ = {isa = PBXBuildFile; fileRef = 03DF199350EE4AE0A47D5A14 /* GoogleMapsBase.framework */; };
		2393A7445407491EAAF3FDC0 /* GoogleMaps.framework in Frameworks */ = {isa = PBXBuildFile; fileRef = A10BA2DB326F43D2A5D934CA /* GoogleMaps.framework */; };
		73331E4811264E87BE4CB25F /* GoogleMapsCore.framework in Frameworks */ = {isa = PBXBuildFile; fileRef = 7CC862FF26B743AF8C081E70 /* GoogleMapsCore.framework */; };
		A86ADCB314CE4D0EA67D4258 /* PluginCircle.m in Sources */ = {isa = PBXBuildFile; fileRef = F489CCBB0A0A47F28599EBF6 /* PluginCircle.m */; };
		A445131256F548D3B5129C61 /* External.m in Sources */ = {isa = PBXBuildFile; fileRef = 8A9D1A4B205E4032919E4331 /* External.m */; };
		2529A3DDEAF7494AB6744BE9 /* PluginGeocoder.m in Sources */ = {isa = PBXBuildFile; fileRef = E330B9464B7F4385AA5F9FF9 /* PluginGeocoder.m */; };
		47E714E7A64C4CCA9F740781 /* Environment.m in Sources */ = {isa = PBXBuildFile; fileRef = B5FCE4A0D6C7434EAD2CBB2F /* Environment.m */; };
		3764DEBA08F84DA48650AF0B /* CordovaGoogleMaps.m in Sources */ = {isa = PBXBuildFile; fileRef = 0E02B93F91AA46F58D4A2231 /* CordovaGoogleMaps.m */; };
		0A38CB2D4D9748ACB6B5C720 /* GoogleMapsViewController.m in Sources */ = {isa = PBXBuildFile; fileRef = 2F5623AA4DAB47168D9572BB /* GoogleMapsViewController.m */; };
		98EA6E212E5D479B9F48CCC0 /* PluginGroundOverlay.m in Sources */ = {isa = PBXBuildFile; fileRef = B340F9A8A5504E7895491C05 /* PluginGroundOverlay.m */; };
		E879B270CA454EBCBA8D6A2A /* PluginKmlOverlay.m in Sources */ = {isa = PBXBuildFile; fileRef = 39A369421AD54A27A00AD10A /* PluginKmlOverlay.m */; };
		9DDCE05CEF2141A9AD5DD253 /* PluginMap.m in Sources */ = {isa = PBXBuildFile; fileRef = 391C38258D4D47BA9458A085 /* PluginMap.m */; };
		033FBD017CC34E209925C769 /* PluginMarker.m in Sources */ = {isa = PBXBuildFile; fileRef = C86C2ED8023348B9979150C1 /* PluginMarker.m */; };
		D2E138DA6093419FAFCB97B5 /* PluginUtil.m in Sources */ = {isa = PBXBuildFile; fileRef = 74F4AA414E814D28B6551603 /* PluginUtil.m */; };
		C2F5D80BE16A44988D9831C0 /* PluginPolygon.m in Sources */ = {isa = PBXBuildFile; fileRef = F4046436E05849519C14E0E4 /* PluginPolygon.m */; };
		9F7ACC85E81D42958C06511C /* PluginPolyline.m in Sources */ = {isa = PBXBuildFile; fileRef = 278D537271A6489B9A9FCED5 /* PluginPolyline.m */; };
		24A5C31F747A4E868BBD073F /* PluginTileProvider.m in Sources */ = {isa = PBXBuildFile; fileRef = 20C67BA92E55440E86DD390C /* PluginTileProvider.m */; };
		65F17B0D6716428E83868044 /* TBXML.m in Sources */ = {isa = PBXBuildFile; fileRef = C6142020676C46D2A03C7DEE /* TBXML.m */; };
		6DB12588BAA0498A9E4CC428 /* PluginTileOverlay.m in Sources */ = {isa = PBXBuildFile; fileRef = EB853CCE2A214FA3B6E549C3 /* PluginTileOverlay.m */; };
		970541ED2DC740CE9EAB2A55 /* NSData+Base64.m in Sources */ = {isa = PBXBuildFile; fileRef = C711E869C67E4FE0BE5E7F86 /* NSData+Base64.m */; };
		81CCEB6101D1427A8C36FF98 /* GMSCoordinateBounds+Geometry.m in Sources */ = {isa = PBXBuildFile; fileRef = 5EDB5562C98642A5BDB0CC03 /* GMSCoordinateBounds+Geometry.m */; };
		6FC2B7B0F8BC4D3C9618E25F /* MyPluginLayer.m in Sources */ = {isa = PBXBuildFile; fileRef = CB62F05825BB4F8BAEBA1857 /* MyPluginLayer.m */; };
		2B4273C7D02C4426B0E59B62 /* MyPluginLayerDebugView.m in Sources */ = {isa = PBXBuildFile; fileRef = 49242F10857641DCADF1DE45 /* MyPluginLayerDebugView.m */; };
		C4218B1F752E478F8661C2C6 /* MyPluginScrollView.m in Sources */ = {isa = PBXBuildFile; fileRef = A11E863E9DC8474A970AA49C /* MyPluginScrollView.m */; };
		1F42B5E0FC9545DBAA3C4CD7 /* PluginMarkerCluster.m in Sources */ = {isa = PBXBuildFile; fileRef = EDB7CFFA58134E3CB47206C6 /* PluginMarkerCluster.m */; };
		EA415170196648999CAD1DAA /* UIImageCache.m in Sources */ = {isa = PBXBuildFile; fileRef = A565AA8FA45C45B599BEA2BB /* UIImageCache.m */; };
		AF354D6FC7434362B4FFF661 /* IonicKeyboard.m in Sources */ = {isa = PBXBuildFile; fileRef = BC8E554AE65D4105884A74E8 /* IonicKeyboard.m */; };
		DC72BF21B4F64647BB2C0923 /* CDVDevice.m in Sources */ = {isa = PBXBuildFile; fileRef = F814D68F8CC54B049E057BEF /* CDVDevice.m */; };
		59E1BA96905B4CA4B8821EEA /* CDVWKWebViewEngine.m in Sources */ = {isa = PBXBuildFile; fileRef = BEACEE279D6E489195FAE707 /* CDVWKWebViewEngine.m */; };
		3C3F70568CE24D0EABEBA710 /* CDVWKWebViewUIDelegate.m in Sources */ = {isa = PBXBuildFile; fileRef = 62B960680C1D43A58A151F17 /* CDVWKWebViewUIDelegate.m */; };
		0EBD1DCE2B3646D6BA9F79F1 /* CDVWKProcessPoolFactory.m in Sources */ = {isa = PBXBuildFile; fileRef = D609243F325142D2A06F1E1F /* CDVWKProcessPoolFactory.m */; };
		965BA688D5EA4EE48C3931A7 /* GCDWebServer.m in Sources */ = {isa = PBXBuildFile; fileRef = 6D686A7791A64BF0AF9F867A /* GCDWebServer.m */; };
		7218F251304045BE92D7436C /* GCDWebServerConnection.m in Sources */ = {isa = PBXBuildFile; fileRef = A6426A8F3774413D82F1B997 /* GCDWebServerConnection.m */; };
		5BFF57BD256748D0B2FB49D7 /* GCDWebServerFunctions.m in Sources */ = {isa = PBXBuildFile; fileRef = B94381122917479DBADA5BCE /* GCDWebServerFunctions.m */; };
		95822EA3AC104789A023DF54 /* GCDWebServerRequest.m in Sources */ = {isa = PBXBuildFile; fileRef = E558C550F8CE4DEF89B6C568 /* GCDWebServerRequest.m */; };
		39702F370E99469599F24B7A /* GCDWebServerResponse.m in Sources */ = {isa = PBXBuildFile; fileRef = 62FD5A6B598744F580141425 /* GCDWebServerResponse.m */; };
		DE431F87CB5544938E9F4005 /* GCDWebServerDataRequest.m in Sources */ = {isa = PBXBuildFile; fileRef = 507D908037D44125BA302D25 /* GCDWebServerDataRequest.m */; };
		B928C7ED346E4E93A5F4AAB5 /* GCDWebServerFileRequest.m in Sources */ = {isa = PBXBuildFile; fileRef = B8D5F0364D1943749255D4B2 /* GCDWebServerFileRequest.m */; };
		1955342BF9954F3F889095FF /* GCDWebServerMultiPartFormRequest.m in Sources */ = {isa = PBXBuildFile; fileRef = B5DBA31A9AE04164A5A997CA /* GCDWebServerMultiPartFormRequest.m */; };
		E4280F8EC1414B679E5E3B57 /* GCDWebServerURLEncodedFormRequest.m in Sources */ = {isa = PBXBuildFile; fileRef = 2F682C64929F4C428CEE79F6 /* GCDWebServerURLEncodedFormRequest.m */; };
		2361D4FCB26340E79A13ADC3 /* GCDWebServerDataResponse.m in Sources */ = {isa = PBXBuildFile; fileRef = 39E51561DE97429A8E4809D9 /* GCDWebServerDataResponse.m */; };
		EE862350DDD04DC4A1FF75ED /* GCDWebServerErrorResponse.m in Sources */ = {isa = PBXBuildFile; fileRef = 8A10CAD6A4984CA29606BB05 /* GCDWebServerErrorResponse.m */; };
		A71BEA1FFDF54344B2DD5ECD /* GCDWebServerFileResponse.m in Sources */ = {isa = PBXBuildFile; fileRef = 8620651D5EB74FE1ABD256C9 /* GCDWebServerFileResponse.m */; };
		1AE63F4BBF814610B5E356ED /* GCDWebServerStreamedResponse.m in Sources */ = {isa = PBXBuildFile; fileRef = 10F7E3D951F348C1ACE2A1F9 /* GCDWebServerStreamedResponse.m */; };
		8FD89353A8E043B0AB3D23DD /* WebKit.framework in Frameworks */ = {isa = PBXBuildFile; fileRef = BE2FABA2237B4D258BEE4C63 /* WebKit.framework */; settings = {ATTRIBUTES = (Weak, ); }; };
		37EF18BE0DC24DDD85A3B3E2 /* CDVLocation.m in Sources */ = {isa = PBXBuildFile; fileRef = E914F29641824C99AE476C9F /* CDVLocation.m */; };
/* End PBXBuildFile section */

/* Begin PBXContainerItemProxy section */
		301BF534109A57CC0062928A /* PBXContainerItemProxy */ = {
			isa = PBXContainerItemProxy;
			containerPortal = 301BF52D109A57CC0062928A /* CordovaLib.xcodeproj */;
			proxyType = 2;
			remoteGlobalIDString = D2AAC07E0554694100DB518D;
			remoteInfo = CordovaLib;
		};
		301BF550109A68C00062928A /* PBXContainerItemProxy */ = {
			isa = PBXContainerItemProxy;
			containerPortal = 301BF52D109A57CC0062928A /* CordovaLib.xcodeproj */;
			proxyType = 1;
			remoteGlobalIDString = D2AAC07D0554694100DB518D;
			remoteInfo = CordovaLib;
		};
/* End PBXContainerItemProxy section */

/* Begin PBXFileReference section */
		0207DA571B56EA530066E2B4 /* Images.xcassets */ = {isa = PBXFileReference; lastKnownFileType = folder.assetcatalog; name = Images.xcassets; path = "Yoonwi/Images.xcassets"; sourceTree = SOURCE_ROOT; };
		1D3623240D0F684500981E51 /* AppDelegate.h */ = {isa = PBXFileReference; fileEncoding = 4; lastKnownFileType = sourcecode.c.h; path = AppDelegate.h; sourceTree = "<group>"; };
		1D3623250D0F684500981E51 /* AppDelegate.m */ = {isa = PBXFileReference; fileEncoding = 4; lastKnownFileType = sourcecode.c.objc; path = AppDelegate.m; sourceTree = "<group>"; };
		1D6058910D05DD3D006BFB54 /* Yoonwi.app */ = {isa = PBXFileReference; explicitFileType = wrapper.application; includeInIndex = 0; path = "Yoonwi.app"; sourceTree = BUILT_PRODUCTS_DIR; };
		29B97316FDCFA39411CA2CEA /* main.m */ = {isa = PBXFileReference; fileEncoding = 4; lastKnownFileType = sourcecode.c.objc; path = main.m; sourceTree = "<group>"; };
		301BF52D109A57CC0062928A /* CordovaLib.xcodeproj */ = {isa = PBXFileReference; lastKnownFileType = "wrapper.pb-project"; name = CordovaLib.xcodeproj; path = CordovaLib/CordovaLib.xcodeproj; sourceTree = "<group>"; };
		301BF56E109A69640062928A /* www */ = {isa = PBXFileReference; lastKnownFileType = folder; path = www; sourceTree = SOURCE_ROOT; };
		302D95EE14D2391D003F00A1 /* MainViewController.h */ = {isa = PBXFileReference; fileEncoding = 4; lastKnownFileType = sourcecode.c.h; path = MainViewController.h; sourceTree = "<group>"; };
		302D95EF14D2391D003F00A1 /* MainViewController.m */ = {isa = PBXFileReference; fileEncoding = 4; lastKnownFileType = sourcecode.c.objc; path = MainViewController.m; sourceTree = "<group>"; };
		302D95F014D2391D003F00A1 /* MainViewController.xib */ = {isa = PBXFileReference; fileEncoding = 4; lastKnownFileType = file.xib; path = MainViewController.xib; sourceTree = "<group>"; };
		3047A50F1AB8059700498E2A /* build-debug.xcconfig */ = {isa = PBXFileReference; fileEncoding = 4; lastKnownFileType = text.xcconfig; name = "build-debug.xcconfig"; path = cordova/build-debug.xcconfig; sourceTree = SOURCE_ROOT; };
		3047A5101AB8059700498E2A /* build-release.xcconfig */ = {isa = PBXFileReference; fileEncoding = 4; lastKnownFileType = text.xcconfig; name = "build-release.xcconfig"; path = cordova/build-release.xcconfig; sourceTree = SOURCE_ROOT; };
		3047A5111AB8059700498E2A /* build.xcconfig */ = {isa = PBXFileReference; fileEncoding = 4; lastKnownFileType = text.xcconfig; name = build.xcconfig; path = cordova/build.xcconfig; sourceTree = SOURCE_ROOT; };
		32CA4F630368D1EE00C91783 /* Yoonwi-Prefix.pch */ = {isa = PBXFileReference; fileEncoding = 4; lastKnownFileType = sourcecode.c.h; path = "Yoonwi-Prefix.pch"; sourceTree = "<group>"; };
		6AFF5BF81D6E424B00AB3073 /* CDVLaunchScreen.storyboard */ = {isa = PBXFileReference; fileEncoding = 4; lastKnownFileType = file.storyboard; name = CDVLaunchScreen.storyboard; path = "Yoonwi/CDVLaunchScreen.storyboard"; sourceTree = SOURCE_ROOT; };
		8D1107310486CEB800E47090 /* Yoonwi-Info.plist */ = {isa = PBXFileReference; fileEncoding = 4; lastKnownFileType = text.plist.xml; name = "Yoonwi-Info.plist"; path = "Yoonwi/Yoonwi-Info.plist"; plistStructureDefinitionIdentifier = "com.apple.xcode.plist.structure-definition.iphone.info-plist"; sourceTree = SOURCE_ROOT; };
		EB87FDF31871DA8E0020F90C /* www */ = {isa = PBXFileReference; lastKnownFileType = folder; name = www; path = ../../www; sourceTree = "<group>"; };
		EB87FDF41871DAF40020F90C /* config.xml */ = {isa = PBXFileReference; lastKnownFileType = text.xml; name = config.xml; path = ../../config.xml; sourceTree = "<group>"; };
		F840E1F0165FE0F500CFE078 /* config.xml */ = {isa = PBXFileReference; lastKnownFileType = text.xml; name = config.xml; path = "Yoonwi/config.xml"; sourceTree = "<group>"; };
		ED33DF2A687741AEAF9F8254 /* Bridging-Header.h */ = {isa = PBXFileReference; fileEncoding = 4; lastKnownFileType = sourcecode.c.h; name = "Bridging-Header.h"; path = "Bridging-Header.h"; sourceTree = "<group>"; };
		44C78AC0ED804BDB86D1BBAC /* GoogleMaps.bundle */ = {isa = PBXFileReference; name = "GoogleMaps.bundle"; path = "GoogleMaps.bundle"; sourceTree = "<group>"; fileEncoding = undefined; lastKnownFileType = wrapper.plug-in; explicitFileType = undefined; includeInIndex = 0; };
		0894EFFA12184C569EB6F72A /* Accelerate.framework */ = {isa = PBXFileReference; name = "Accelerate.framework"; path = "System/Library/Frameworks/Accelerate.framework"; sourceTree = SDKROOT; fileEncoding = undefined; lastKnownFileType = wrapper.framework; explicitFileType = undefined; includeInIndex = 0; };
		CB99A88B52C840DF844211C7 /* CoreData.framework */ = {isa = PBXFileReference; name = "CoreData.framework"; path = "System/Library/Frameworks/CoreData.framework"; sourceTree = SDKROOT; fileEncoding = undefined; lastKnownFileType = wrapper.framework; explicitFileType = undefined; includeInIndex = 0; };
		6273015436BA4B2881BCBB0D /* CoreLocation.framework */ = {isa = PBXFileReference; name = "CoreLocation.framework"; path = "System/Library/Frameworks/CoreLocation.framework"; sourceTree = SDKROOT; fileEncoding = undefined; lastKnownFileType = wrapper.framework; explicitFileType = undefined; includeInIndex = 0; };
		AF65A97E692A44659628FAE3 /* CoreTelephony.framework */ = {isa = PBXFileReference; name = "CoreTelephony.framework"; path = "System/Library/Frameworks/CoreTelephony.framework"; sourceTree = SDKROOT; fileEncoding = undefined; lastKnownFileType = wrapper.framework; explicitFileType = undefined; includeInIndex = 0; };
		6CC01C12130E43FBA0A3DF4B /* CoreText.framework */ = {isa = PBXFileReference; name = "CoreText.framework"; path = "System/Library/Frameworks/CoreText.framework"; sourceTree = SDKROOT; fileEncoding = undefined; lastKnownFileType = wrapper.framework; explicitFileType = undefined; includeInIndex = 0; };
		70856F9A88FD44FC8AF6F620 /* GLKit.framework */ = {isa = PBXFileReference; name = "GLKit.framework"; path = "System/Library/Frameworks/GLKit.framework"; sourceTree = SDKROOT; fileEncoding = undefined; lastKnownFileType = wrapper.framework; explicitFileType = undefined; includeInIndex = 0; };
		D59A5222CD394921BB795870 /* ImageIO.framework */ = {isa = PBXFileReference; name = "ImageIO.framework"; path = "System/Library/Frameworks/ImageIO.framework"; sourceTree = SDKROOT; fileEncoding = undefined; lastKnownFileType = wrapper.framework; explicitFileType = undefined; includeInIndex = 0; };
		BAD49FFE3783463F9BF9D308 /* libc++.tbd */ = {isa = PBXFileReference; name = "libc++.tbd"; path = "usr/lib/libc++.tbd"; sourceTree = SDKROOT; fileEncoding = undefined; lastKnownFileType = sourcecode.text-based-dylib-definition; explicitFileType = undefined; includeInIndex = 0; };
		F308D4D8BCEA4966ACEABE9B /* libz.tbd */ = {isa = PBXFileReference; name = "libz.tbd"; path = "usr/lib/libz.tbd"; sourceTree = SDKROOT; fileEncoding = undefined; lastKnownFileType = sourcecode.text-based-dylib-definition; explicitFileType = undefined; includeInIndex = 0; };
		2E585D2600754186998F869C /* OpenGLES.framework */ = {isa = PBXFileReference; name = "OpenGLES.framework"; path = "System/Library/Frameworks/OpenGLES.framework"; sourceTree = SDKROOT; fileEncoding = undefined; lastKnownFileType = wrapper.framework; explicitFileType = undefined; includeInIndex = 0; };
		1FA3635076D14A59845123FE /* QuartzCore.framework */ = {isa = PBXFileReference; name = "QuartzCore.framework"; path = "System/Library/Frameworks/QuartzCore.framework"; sourceTree = SDKROOT; fileEncoding = undefined; lastKnownFileType = wrapper.framework; explicitFileType = undefined; includeInIndex = 0; };
		8DF618B30E7C4713860BBD24 /* SystemConfiguration.framework */ = {isa = PBXFileReference; name = "SystemConfiguration.framework"; path = "System/Library/Frameworks/SystemConfiguration.framework"; sourceTree = SDKROOT; fileEncoding = undefined; lastKnownFileType = wrapper.framework; explicitFileType = undefined; includeInIndex = 0; };
		2D0349401EAA421F9B4299EB /* UIKit.framework */ = {isa = PBXFileReference; name = "UIKit.framework"; path = "System/Library/Frameworks/UIKit.framework"; sourceTree = SDKROOT; fileEncoding = undefined; lastKnownFileType = wrapper.framework; explicitFileType = undefined; includeInIndex = 0; };
		03DF199350EE4AE0A47D5A14 /* GoogleMapsBase.framework */ = {isa = PBXFileReference; name = "GoogleMapsBase.framework"; path = "Yoonwi/Plugins/com.googlemaps.ios/GoogleMapsBase.framework"; sourceTree = "<group>"; fileEncoding = undefined; lastKnownFileType = wrapper.framework; explicitFileType = undefined; includeInIndex = 0; };
		A10BA2DB326F43D2A5D934CA /* GoogleMaps.framework */ = {isa = PBXFileReference; name = "GoogleMaps.framework"; path = "Yoonwi/Plugins/com.googlemaps.ios/GoogleMaps.framework"; sourceTree = "<group>"; fileEncoding = undefined; lastKnownFileType = wrapper.framework; explicitFileType = undefined; includeInIndex = 0; };
		7CC862FF26B743AF8C081E70 /* GoogleMapsCore.framework */ = {isa = PBXFileReference; name = "GoogleMapsCore.framework"; path = "Yoonwi/Plugins/com.googlemaps.ios/GoogleMapsCore.framework"; sourceTree = "<group>"; fileEncoding = undefined; lastKnownFileType = wrapper.framework; explicitFileType = undefined; includeInIndex = 0; };
		F489CCBB0A0A47F28599EBF6 /* PluginCircle.m */ = {isa = PBXFileReference; name = "PluginCircle.m"; path = "cordova-plugin-googlemaps/PluginCircle.m"; sourceTree = "<group>"; fileEncoding = 4; lastKnownFileType = sourcecode.c.objc; explicitFileType = undefined; includeInIndex = 0; };
		8A9D1A4B205E4032919E4331 /* External.m */ = {isa = PBXFileReference; name = "External.m"; path = "cordova-plugin-googlemaps/External.m"; sourceTree = "<group>"; fileEncoding = 4; lastKnownFileType = sourcecode.c.objc; explicitFileType = undefined; includeInIndex = 0; };
		E330B9464B7F4385AA5F9FF9 /* PluginGeocoder.m */ = {isa = PBXFileReference; name = "PluginGeocoder.m"; path = "cordova-plugin-googlemaps/PluginGeocoder.m"; sourceTree = "<group>"; fileEncoding = 4; lastKnownFileType = sourcecode.c.objc; explicitFileType = undefined; includeInIndex = 0; };
		B5FCE4A0D6C7434EAD2CBB2F /* Environment.m */ = {isa = PBXFileReference; name = "Environment.m"; path = "cordova-plugin-googlemaps/Environment.m"; sourceTree = "<group>"; fileEncoding = 4; lastKnownFileType = sourcecode.c.objc; explicitFileType = undefined; includeInIndex = 0; };
		0E02B93F91AA46F58D4A2231 /* CordovaGoogleMaps.m */ = {isa = PBXFileReference; name = "CordovaGoogleMaps.m"; path = "cordova-plugin-googlemaps/CordovaGoogleMaps.m"; sourceTree = "<group>"; fileEncoding = 4; lastKnownFileType = sourcecode.c.objc; explicitFileType = undefined; includeInIndex = 0; };
		2F5623AA4DAB47168D9572BB /* GoogleMapsViewController.m */ = {isa = PBXFileReference; name = "GoogleMapsViewController.m"; path = "cordova-plugin-googlemaps/GoogleMapsViewController.m"; sourceTree = "<group>"; fileEncoding = 4; lastKnownFileType = sourcecode.c.objc; explicitFileType = undefined; includeInIndex = 0; };
		B340F9A8A5504E7895491C05 /* PluginGroundOverlay.m */ = {isa = PBXFileReference; name = "PluginGroundOverlay.m"; path = "cordova-plugin-googlemaps/PluginGroundOverlay.m"; sourceTree = "<group>"; fileEncoding = 4; lastKnownFileType = sourcecode.c.objc; explicitFileType = undefined; includeInIndex = 0; };
		39A369421AD54A27A00AD10A /* PluginKmlOverlay.m */ = {isa = PBXFileReference; name = "PluginKmlOverlay.m"; path = "cordova-plugin-googlemaps/PluginKmlOverlay.m"; sourceTree = "<group>"; fileEncoding = 4; lastKnownFileType = sourcecode.c.objc; explicitFileType = undefined; includeInIndex = 0; };
		391C38258D4D47BA9458A085 /* PluginMap.m */ = {isa = PBXFileReference; name = "PluginMap.m"; path = "cordova-plugin-googlemaps/PluginMap.m"; sourceTree = "<group>"; fileEncoding = 4; lastKnownFileType = sourcecode.c.objc; explicitFileType = undefined; includeInIndex = 0; };
		C86C2ED8023348B9979150C1 /* PluginMarker.m */ = {isa = PBXFileReference; name = "PluginMarker.m"; path = "cordova-plugin-googlemaps/PluginMarker.m"; sourceTree = "<group>"; fileEncoding = 4; lastKnownFileType = sourcecode.c.objc; explicitFileType = undefined; includeInIndex = 0; };
		74F4AA414E814D28B6551603 /* PluginUtil.m */ = {isa = PBXFileReference; name = "PluginUtil.m"; path = "cordova-plugin-googlemaps/PluginUtil.m"; sourceTree = "<group>"; fileEncoding = 4; lastKnownFileType = sourcecode.c.objc; explicitFileType = undefined; includeInIndex = 0; };
		F4046436E05849519C14E0E4 /* PluginPolygon.m */ = {isa = PBXFileReference; name = "PluginPolygon.m"; path = "cordova-plugin-googlemaps/PluginPolygon.m"; sourceTree = "<group>"; fileEncoding = 4; lastKnownFileType = sourcecode.c.objc; explicitFileType = undefined; includeInIndex = 0; };
		278D537271A6489B9A9FCED5 /* PluginPolyline.m */ = {isa = PBXFileReference; name = "PluginPolyline.m"; path = "cordova-plugin-googlemaps/PluginPolyline.m"; sourceTree = "<group>"; fileEncoding = 4; lastKnownFileType = sourcecode.c.objc; explicitFileType = undefined; includeInIndex = 0; };
		20C67BA92E55440E86DD390C /* PluginTileProvider.m */ = {isa = PBXFileReference; name = "PluginTileProvider.m"; path = "cordova-plugin-googlemaps/PluginTileProvider.m"; sourceTree = "<group>"; fileEncoding = 4; lastKnownFileType = sourcecode.c.objc; explicitFileType = undefined; includeInIndex = 0; };
		C6142020676C46D2A03C7DEE /* TBXML.m */ = {isa = PBXFileReference; name = "TBXML.m"; path = "cordova-plugin-googlemaps/TBXML.m"; sourceTree = "<group>"; fileEncoding = 4; lastKnownFileType = sourcecode.c.objc; explicitFileType = undefined; includeInIndex = 0; };
		EB853CCE2A214FA3B6E549C3 /* PluginTileOverlay.m */ = {isa = PBXFileReference; name = "PluginTileOverlay.m"; path = "cordova-plugin-googlemaps/PluginTileOverlay.m"; sourceTree = "<group>"; fileEncoding = 4; lastKnownFileType = sourcecode.c.objc; explicitFileType = undefined; includeInIndex = 0; };
		C711E869C67E4FE0BE5E7F86 /* NSData+Base64.m */ = {isa = PBXFileReference; name = "NSData+Base64.m"; path = "cordova-plugin-googlemaps/NSData+Base64.m"; sourceTree = "<group>"; fileEncoding = 4; lastKnownFileType = sourcecode.c.objc; explicitFileType = undefined; includeInIndex = 0; };
		5EDB5562C98642A5BDB0CC03 /* GMSCoordinateBounds+Geometry.m */ = {isa = PBXFileReference; name = "GMSCoordinateBounds+Geometry.m"; path = "cordova-plugin-googlemaps/GMSCoordinateBounds+Geometry.m"; sourceTree = "<group>"; fileEncoding = 4; lastKnownFileType = sourcecode.c.objc; explicitFileType = undefined; includeInIndex = 0; };
		CB62F05825BB4F8BAEBA1857 /* MyPluginLayer.m */ = {isa = PBXFileReference; name = "MyPluginLayer.m"; path = "cordova-plugin-googlemaps/MyPluginLayer.m"; sourceTree = "<group>"; fileEncoding = 4; lastKnownFileType = sourcecode.c.objc; explicitFileType = undefined; includeInIndex = 0; };
		49242F10857641DCADF1DE45 /* MyPluginLayerDebugView.m */ = {isa = PBXFileReference; name = "MyPluginLayerDebugView.m"; path = "cordova-plugin-googlemaps/MyPluginLayerDebugView.m"; sourceTree = "<group>"; fileEncoding = 4; lastKnownFileType = sourcecode.c.objc; explicitFileType = undefined; includeInIndex = 0; };
		A11E863E9DC8474A970AA49C /* MyPluginScrollView.m */ = {isa = PBXFileReference; name = "MyPluginScrollView.m"; path = "cordova-plugin-googlemaps/MyPluginScrollView.m"; sourceTree = "<group>"; fileEncoding = 4; lastKnownFileType = sourcecode.c.objc; explicitFileType = undefined; includeInIndex = 0; };
		EDB7CFFA58134E3CB47206C6 /* PluginMarkerCluster.m */ = {isa = PBXFileReference; name = "PluginMarkerCluster.m"; path = "cordova-plugin-googlemaps/PluginMarkerCluster.m"; sourceTree = "<group>"; fileEncoding = 4; lastKnownFileType = sourcecode.c.objc; explicitFileType = undefined; includeInIndex = 0; };
		A565AA8FA45C45B599BEA2BB /* UIImageCache.m */ = {isa = PBXFileReference; name = "UIImageCache.m"; path = "cordova-plugin-googlemaps/UIImageCache.m"; sourceTree = "<group>"; fileEncoding = 4; lastKnownFileType = sourcecode.c.objc; explicitFileType = undefined; includeInIndex = 0; };
		FFAE7CDD40B24003A72273A1 /* PluginCircle.h */ = {isa = PBXFileReference; name = "PluginCircle.h"; path = "cordova-plugin-googlemaps/PluginCircle.h"; sourceTree = "<group>"; fileEncoding = 4; lastKnownFileType = sourcecode.c.h; explicitFileType = undefined; includeInIndex = 0; };
		D4341DD927DE4FC4ABB10F53 /* External.h */ = {isa = PBXFileReference; name = "External.h"; path = "cordova-plugin-googlemaps/External.h"; sourceTree = "<group>"; fileEncoding = 4; lastKnownFileType = sourcecode.c.h; explicitFileType = undefined; includeInIndex = 0; };
		02E1121CB7A24C87A1300664 /* PluginGeocoder.h */ = {isa = PBXFileReference; name = "PluginGeocoder.h"; path = "cordova-plugin-googlemaps/PluginGeocoder.h"; sourceTree = "<group>"; fileEncoding = 4; lastKnownFileType = sourcecode.c.h; explicitFileType = undefined; includeInIndex = 0; };
		F50E38D2110447A6AA5B7CD1 /* Environment.h */ = {isa = PBXFileReference; name = "Environment.h"; path = "cordova-plugin-googlemaps/Environment.h"; sourceTree = "<group>"; fileEncoding = 4; lastKnownFileType = sourcecode.c.h; explicitFileType = undefined; includeInIndex = 0; };
		45D199465B5B408293EE9CF9 /* CordovaGoogleMaps.h */ = {isa = PBXFileReference; name = "CordovaGoogleMaps.h"; path = "cordova-plugin-googlemaps/CordovaGoogleMaps.h"; sourceTree = "<group>"; fileEncoding = 4; lastKnownFileType = sourcecode.c.h; explicitFileType = undefined; includeInIndex = 0; };
		C530339F909A446DADBD53BE /* GoogleMapsViewController.h */ = {isa = PBXFileReference; name = "GoogleMapsViewController.h"; path = "cordova-plugin-googlemaps/GoogleMapsViewController.h"; sourceTree = "<group>"; fileEncoding = 4; lastKnownFileType = sourcecode.c.h; explicitFileType = undefined; includeInIndex = 0; };
		0262E86F4BE141B4B5860269 /* PluginGroundOverlay.h */ = {isa = PBXFileReference; name = "PluginGroundOverlay.h"; path = "cordova-plugin-googlemaps/PluginGroundOverlay.h"; sourceTree = "<group>"; fileEncoding = 4; lastKnownFileType = sourcecode.c.h; explicitFileType = undefined; includeInIndex = 0; };
		F140140B3A1C4781917F4037 /* PluginKmlOverlay.h */ = {isa = PBXFileReference; name = "PluginKmlOverlay.h"; path = "cordova-plugin-googlemaps/PluginKmlOverlay.h"; sourceTree = "<group>"; fileEncoding = 4; lastKnownFileType = sourcecode.c.h; explicitFileType = undefined; includeInIndex = 0; };
		56CE07B3E72B4479BA04F654 /* PluginMap.h */ = {isa = PBXFileReference; name = "PluginMap.h"; path = "cordova-plugin-googlemaps/PluginMap.h"; sourceTree = "<group>"; fileEncoding = 4; lastKnownFileType = sourcecode.c.h; explicitFileType = undefined; includeInIndex = 0; };
		21611086DFEC44E7B2AB86CA /* PluginMarker.h */ = {isa = PBXFileReference; name = "PluginMarker.h"; path = "cordova-plugin-googlemaps/PluginMarker.h"; sourceTree = "<group>"; fileEncoding = 4; lastKnownFileType = sourcecode.c.h; explicitFileType = undefined; includeInIndex = 0; };
		258049BFD7624D94AC1BFC32 /* MyPlgunProtocol.h */ = {isa = PBXFileReference; name = "MyPlgunProtocol.h"; path = "cordova-plugin-googlemaps/MyPlgunProtocol.h"; sourceTree = "<group>"; fileEncoding = 4; lastKnownFileType = sourcecode.c.h; explicitFileType = undefined; includeInIndex = 0; };
		667BC134D080489590EDC1A8 /* PluginUtil.h */ = {isa = PBXFileReference; name = "PluginUtil.h"; path = "cordova-plugin-googlemaps/PluginUtil.h"; sourceTree = "<group>"; fileEncoding = 4; lastKnownFileType = sourcecode.c.h; explicitFileType = undefined; includeInIndex = 0; };
		3C577456B5DB4E76BEB8FA7B /* PluginPolygon.h */ = {isa = PBXFileReference; name = "PluginPolygon.h"; path = "cordova-plugin-googlemaps/PluginPolygon.h"; sourceTree = "<group>"; fileEncoding = 4; lastKnownFileType = sourcecode.c.h; explicitFileType = undefined; includeInIndex = 0; };
		0C9DA75D0B1646A2B849E7FC /* PluginPolyline.h */ = {isa = PBXFileReference; name = "PluginPolyline.h"; path = "cordova-plugin-googlemaps/PluginPolyline.h"; sourceTree = "<group>"; fileEncoding = 4; lastKnownFileType = sourcecode.c.h; explicitFileType = undefined; includeInIndex = 0; };
		905A0FAD8AA749B0A4E523C0 /* PluginTileProvider.h */ = {isa = PBXFileReference; name = "PluginTileProvider.h"; path = "cordova-plugin-googlemaps/PluginTileProvider.h"; sourceTree = "<group>"; fileEncoding = 4; lastKnownFileType = sourcecode.c.h; explicitFileType = undefined; includeInIndex = 0; };
		53CCA630724443BF8E34FEB7 /* TBXML.h */ = {isa = PBXFileReference; name = "TBXML.h"; path = "cordova-plugin-googlemaps/TBXML.h"; sourceTree = "<group>"; fileEncoding = 4; lastKnownFileType = sourcecode.c.h; explicitFileType = undefined; includeInIndex = 0; };
		99C9A92ECD2248CB92172F36 /* PluginTileOverlay.h */ = {isa = PBXFileReference; name = "PluginTileOverlay.h"; path = "cordova-plugin-googlemaps/PluginTileOverlay.h"; sourceTree = "<group>"; fileEncoding = 4; lastKnownFileType = sourcecode.c.h; explicitFileType = undefined; includeInIndex = 0; };
		C9534D8CBD4F4A668C9F8097 /* NSData+Base64.h */ = {isa = PBXFileReference; name = "NSData+Base64.h"; path = "cordova-plugin-googlemaps/NSData+Base64.h"; sourceTree = "<group>"; fileEncoding = 4; lastKnownFileType = sourcecode.c.h; explicitFileType = undefined; includeInIndex = 0; };
		4030A0A5145A4E6DB2E3126A /* NSData+Base64.podspec */ = {isa = PBXFileReference; name = "NSData+Base64.podspec"; path = "cordova-plugin-googlemaps/NSData+Base64.podspec"; sourceTree = "<group>"; fileEncoding = undefined; lastKnownFileType = unknown; explicitFileType = undefined; includeInIndex = 0; };
		DCFBCF35B5E342C3ADA0E3C8 /* GMSCoordinateBounds+Geometry.h */ = {isa = PBXFileReference; name = "GMSCoordinateBounds+Geometry.h"; path = "cordova-plugin-googlemaps/GMSCoordinateBounds+Geometry.h"; sourceTree = "<group>"; fileEncoding = 4; lastKnownFileType = sourcecode.c.h; explicitFileType = undefined; includeInIndex = 0; };
		9768528A36B64E499AAFC8F4 /* MyPluginLayer.h */ = {isa = PBXFileReference; name = "MyPluginLayer.h"; path = "cordova-plugin-googlemaps/MyPluginLayer.h"; sourceTree = "<group>"; fileEncoding = 4; lastKnownFileType = sourcecode.c.h; explicitFileType = undefined; includeInIndex = 0; };
		866F4968A5004CB3A78F1A5A /* MyPluginLayerDebugView.h */ = {isa = PBXFileReference; name = "MyPluginLayerDebugView.h"; path = "cordova-plugin-googlemaps/MyPluginLayerDebugView.h"; sourceTree = "<group>"; fileEncoding = 4; lastKnownFileType = sourcecode.c.h; explicitFileType = undefined; includeInIndex = 0; };
		AC95A774D486403E83D71803 /* MyPluginScrollView.h */ = {isa = PBXFileReference; name = "MyPluginScrollView.h"; path = "cordova-plugin-googlemaps/MyPluginScrollView.h"; sourceTree = "<group>"; fileEncoding = 4; lastKnownFileType = sourcecode.c.h; explicitFileType = undefined; includeInIndex = 0; };
		51C7DD555CA24F44B000F802 /* PluginMarkerCluster.h */ = {isa = PBXFileReference; name = "PluginMarkerCluster.h"; path = "cordova-plugin-googlemaps/PluginMarkerCluster.h"; sourceTree = "<group>"; fileEncoding = 4; lastKnownFileType = sourcecode.c.h; explicitFileType = undefined; includeInIndex = 0; };
		6E4C32311DCA4297B663E437 /* UIImageCache.h */ = {isa = PBXFileReference; name = "UIImageCache.h"; path = "cordova-plugin-googlemaps/UIImageCache.h"; sourceTree = "<group>"; fileEncoding = 4; lastKnownFileType = sourcecode.c.h; explicitFileType = undefined; includeInIndex = 0; };
		BC8E554AE65D4105884A74E8 /* IonicKeyboard.m */ = {isa = PBXFileReference; name = "IonicKeyboard.m"; path = "ionic-plugin-keyboard/IonicKeyboard.m"; sourceTree = "<group>"; fileEncoding = 4; lastKnownFileType = sourcecode.c.objc; explicitFileType = undefined; includeInIndex = 0; };
		C97AC6E7F8AC49D399BF0BEA /* IonicKeyboard.h */ = {isa = PBXFileReference; name = "IonicKeyboard.h"; path = "ionic-plugin-keyboard/IonicKeyboard.h"; sourceTree = "<group>"; fileEncoding = 4; lastKnownFileType = sourcecode.c.h; explicitFileType = undefined; includeInIndex = 0; };
		F814D68F8CC54B049E057BEF /* CDVDevice.m */ = {isa = PBXFileReference; name = "CDVDevice.m"; path = "cordova-plugin-device/CDVDevice.m"; sourceTree = "<group>"; fileEncoding = 4; lastKnownFileType = sourcecode.c.objc; explicitFileType = undefined; includeInIndex = 0; };
		17AEFAA1C219410E9BD70C41 /* CDVDevice.h */ = {isa = PBXFileReference; name = "CDVDevice.h"; path = "cordova-plugin-device/CDVDevice.h"; sourceTree = "<group>"; fileEncoding = 4; lastKnownFileType = sourcecode.c.h; explicitFileType = undefined; includeInIndex = 0; };
		BEACEE279D6E489195FAE707 /* CDVWKWebViewEngine.m */ = {isa = PBXFileReference; name = "CDVWKWebViewEngine.m"; path = "cordova-plugin-ionic-webview/CDVWKWebViewEngine.m"; sourceTree = "<group>"; fileEncoding = 4; lastKnownFileType = sourcecode.c.objc; explicitFileType = undefined; includeInIndex = 0; };
		62B960680C1D43A58A151F17 /* CDVWKWebViewUIDelegate.m */ = {isa = PBXFileReference; name = "CDVWKWebViewUIDelegate.m"; path = "cordova-plugin-ionic-webview/CDVWKWebViewUIDelegate.m"; sourceTree = "<group>"; fileEncoding = 4; lastKnownFileType = sourcecode.c.objc; explicitFileType = undefined; includeInIndex = 0; };
		D609243F325142D2A06F1E1F /* CDVWKProcessPoolFactory.m */ = {isa = PBXFileReference; name = "CDVWKProcessPoolFactory.m"; path = "cordova-plugin-ionic-webview/CDVWKProcessPoolFactory.m"; sourceTree = "<group>"; fileEncoding = 4; lastKnownFileType = sourcecode.c.objc; explicitFileType = undefined; includeInIndex = 0; };
		6D686A7791A64BF0AF9F867A /* GCDWebServer.m */ = {isa = PBXFileReference; name = "GCDWebServer.m"; path = "cordova-plugin-ionic-webview/GCDWebServer.m"; sourceTree = "<group>"; fileEncoding = 4; lastKnownFileType = sourcecode.c.objc; explicitFileType = undefined; includeInIndex = 0; };
		A6426A8F3774413D82F1B997 /* GCDWebServerConnection.m */ = {isa = PBXFileReference; name = "GCDWebServerConnection.m"; path = "cordova-plugin-ionic-webview/GCDWebServerConnection.m"; sourceTree = "<group>"; fileEncoding = 4; lastKnownFileType = sourcecode.c.objc; explicitFileType = undefined; includeInIndex = 0; };
		B94381122917479DBADA5BCE /* GCDWebServerFunctions.m */ = {isa = PBXFileReference; name = "GCDWebServerFunctions.m"; path = "cordova-plugin-ionic-webview/GCDWebServerFunctions.m"; sourceTree = "<group>"; fileEncoding = 4; lastKnownFileType = sourcecode.c.objc; explicitFileType = undefined; includeInIndex = 0; };
		E558C550F8CE4DEF89B6C568 /* GCDWebServerRequest.m */ = {isa = PBXFileReference; name = "GCDWebServerRequest.m"; path = "cordova-plugin-ionic-webview/GCDWebServerRequest.m"; sourceTree = "<group>"; fileEncoding = 4; lastKnownFileType = sourcecode.c.objc; explicitFileType = undefined; includeInIndex = 0; };
		62FD5A6B598744F580141425 /* GCDWebServerResponse.m */ = {isa = PBXFileReference; name = "GCDWebServerResponse.m"; path = "cordova-plugin-ionic-webview/GCDWebServerResponse.m"; sourceTree = "<group>"; fileEncoding = 4; lastKnownFileType = sourcecode.c.objc; explicitFileType = undefined; includeInIndex = 0; };
		507D908037D44125BA302D25 /* GCDWebServerDataRequest.m */ = {isa = PBXFileReference; name = "GCDWebServerDataRequest.m"; path = "cordova-plugin-ionic-webview/GCDWebServerDataRequest.m"; sourceTree = "<group>"; fileEncoding = 4; lastKnownFileType = sourcecode.c.objc; explicitFileType = undefined; includeInIndex = 0; };
		B8D5F0364D1943749255D4B2 /* GCDWebServerFileRequest.m */ = {isa = PBXFileReference; name = "GCDWebServerFileRequest.m"; path = "cordova-plugin-ionic-webview/GCDWebServerFileRequest.m"; sourceTree = "<group>"; fileEncoding = 4; lastKnownFileType = sourcecode.c.objc; explicitFileType = undefined; includeInIndex = 0; };
		B5DBA31A9AE04164A5A997CA /* GCDWebServerMultiPartFormRequest.m */ = {isa = PBXFileReference; name = "GCDWebServerMultiPartFormRequest.m"; path = "cordova-plugin-ionic-webview/GCDWebServerMultiPartFormRequest.m"; sourceTree = "<group>"; fileEncoding = 4; lastKnownFileType = sourcecode.c.objc; explicitFileType = undefined; includeInIndex = 0; };
		2F682C64929F4C428CEE79F6 /* GCDWebServerURLEncodedFormRequest.m */ = {isa = PBXFileReference; name = "GCDWebServerURLEncodedFormRequest.m"; path = "cordova-plugin-ionic-webview/GCDWebServerURLEncodedFormRequest.m"; sourceTree = "<group>"; fileEncoding = 4; lastKnownFileType = sourcecode.c.objc; explicitFileType = undefined; includeInIndex = 0; };
		39E51561DE97429A8E4809D9 /* GCDWebServerDataResponse.m */ = {isa = PBXFileReference; name = "GCDWebServerDataResponse.m"; path = "cordova-plugin-ionic-webview/GCDWebServerDataResponse.m"; sourceTree = "<group>"; fileEncoding = 4; lastKnownFileType = sourcecode.c.objc; explicitFileType = undefined; includeInIndex = 0; };
		8A10CAD6A4984CA29606BB05 /* GCDWebServerErrorResponse.m */ = {isa = PBXFileReference; name = "GCDWebServerErrorResponse.m"; path = "cordova-plugin-ionic-webview/GCDWebServerErrorResponse.m"; sourceTree = "<group>"; fileEncoding = 4; lastKnownFileType = sourcecode.c.objc; explicitFileType = undefined; includeInIndex = 0; };
		8620651D5EB74FE1ABD256C9 /* GCDWebServerFileResponse.m */ = {isa = PBXFileReference; name = "GCDWebServerFileResponse.m"; path = "cordova-plugin-ionic-webview/GCDWebServerFileResponse.m"; sourceTree = "<group>"; fileEncoding = 4; lastKnownFileType = sourcecode.c.objc; explicitFileType = undefined; includeInIndex = 0; };
		10F7E3D951F348C1ACE2A1F9 /* GCDWebServerStreamedResponse.m */ = {isa = PBXFileReference; name = "GCDWebServerStreamedResponse.m"; path = "cordova-plugin-ionic-webview/GCDWebServerStreamedResponse.m"; sourceTree = "<group>"; fileEncoding = 4; lastKnownFileType = sourcecode.c.objc; explicitFileType = undefined; includeInIndex = 0; };
		00D41B39BF2A413BB1EC0DF2 /* CDVWKWebViewEngine.h */ = {isa = PBXFileReference; name = "CDVWKWebViewEngine.h"; path = "cordova-plugin-ionic-webview/CDVWKWebViewEngine.h"; sourceTree = "<group>"; fileEncoding = 4; lastKnownFileType = sourcecode.c.h; explicitFileType = undefined; includeInIndex = 0; };
		0CB42CA03F564E6C83FDB99D /* CDVWKWebViewUIDelegate.h */ = {isa = PBXFileReference; name = "CDVWKWebViewUIDelegate.h"; path = "cordova-plugin-ionic-webview/CDVWKWebViewUIDelegate.h"; sourceTree = "<group>"; fileEncoding = 4; lastKnownFileType = sourcecode.c.h; explicitFileType = undefined; includeInIndex = 0; };
		CFD7C094343F4529A8E4CD20 /* CDVWKProcessPoolFactory.h */ = {isa = PBXFileReference; name = "CDVWKProcessPoolFactory.h"; path = "cordova-plugin-ionic-webview/CDVWKProcessPoolFactory.h"; sourceTree = "<group>"; fileEncoding = 4; lastKnownFileType = sourcecode.c.h; explicitFileType = undefined; includeInIndex = 0; };
		E0949A3714784E738BA05D38 /* GCDWebServer.h */ = {isa = PBXFileReference; name = "GCDWebServer.h"; path = "cordova-plugin-ionic-webview/GCDWebServer.h"; sourceTree = "<group>"; fileEncoding = 4; lastKnownFileType = sourcecode.c.h; explicitFileType = undefined; includeInIndex = 0; };
		12E81F8DEDBC465D91561BBA /* GCDWebServerConnection.h */ = {isa = PBXFileReference; name = "GCDWebServerConnection.h"; path = "cordova-plugin-ionic-webview/GCDWebServerConnection.h"; sourceTree = "<group>"; fileEncoding = 4; lastKnownFileType = sourcecode.c.h; explicitFileType = undefined; includeInIndex = 0; };
		98A94EC9ED84429EB84F6F9E /* GCDWebServerFunctions.h */ = {isa = PBXFileReference; name = "GCDWebServerFunctions.h"; path = "cordova-plugin-ionic-webview/GCDWebServerFunctions.h"; sourceTree = "<group>"; fileEncoding = 4; lastKnownFileType = sourcecode.c.h; explicitFileType = undefined; includeInIndex = 0; };
		69CA6CEF9F6243FA871B9E49 /* GCDWebServerHTTPStatusCodes.h */ = {isa = PBXFileReference; name = "GCDWebServerHTTPStatusCodes.h"; path = "cordova-plugin-ionic-webview/GCDWebServerHTTPStatusCodes.h"; sourceTree = "<group>"; fileEncoding = 4; lastKnownFileType = sourcecode.c.h; explicitFileType = undefined; includeInIndex = 0; };
		B29932A218F64CB0815D2E36 /* GCDWebServerPrivate.h */ = {isa = PBXFileReference; name = "GCDWebServerPrivate.h"; path = "cordova-plugin-ionic-webview/GCDWebServerPrivate.h"; sourceTree = "<group>"; fileEncoding = 4; lastKnownFileType = sourcecode.c.h; explicitFileType = undefined; includeInIndex = 0; };
		8938A71320BE4C5690718AC9 /* GCDWebServerRequest.h */ = {isa = PBXFileReference; name = "GCDWebServerRequest.h"; path = "cordova-plugin-ionic-webview/GCDWebServerRequest.h"; sourceTree = "<group>"; fileEncoding = 4; lastKnownFileType = sourcecode.c.h; explicitFileType = undefined; includeInIndex = 0; };
		D9F58BEFDF894FC4BC0013DF /* GCDWebServerResponse.h */ = {isa = PBXFileReference; name = "GCDWebServerResponse.h"; path = "cordova-plugin-ionic-webview/GCDWebServerResponse.h"; sourceTree = "<group>"; fileEncoding = 4; lastKnownFileType = sourcecode.c.h; explicitFileType = undefined; includeInIndex = 0; };
		3FDC4CA3D0D347A6AC0C00A8 /* GCDWebServerDataRequest.h */ = {isa = PBXFileReference; name = "GCDWebServerDataRequest.h"; path = "cordova-plugin-ionic-webview/GCDWebServerDataRequest.h"; sourceTree = "<group>"; fileEncoding = 4; lastKnownFileType = sourcecode.c.h; explicitFileType = undefined; includeInIndex = 0; };
		37650FA24666492F85C13AE3 /* GCDWebServerFileRequest.h */ = {isa = PBXFileReference; name = "GCDWebServerFileRequest.h"; path = "cordova-plugin-ionic-webview/GCDWebServerFileRequest.h"; sourceTree = "<group>"; fileEncoding = 4; lastKnownFileType = sourcecode.c.h; explicitFileType = undefined; includeInIndex = 0; };
		710BFE62D2614F99B116C422 /* GCDWebServerMultiPartFormRequest.h */ = {isa = PBXFileReference; name = "GCDWebServerMultiPartFormRequest.h"; path = "cordova-plugin-ionic-webview/GCDWebServerMultiPartFormRequest.h"; sourceTree = "<group>"; fileEncoding = 4; lastKnownFileType = sourcecode.c.h; explicitFileType = undefined; includeInIndex = 0; };
		F6D29022C59346EBBCC95AA4 /* GCDWebServerURLEncodedFormRequest.h */ = {isa = PBXFileReference; name = "GCDWebServerURLEncodedFormRequest.h"; path = "cordova-plugin-ionic-webview/GCDWebServerURLEncodedFormRequest.h"; sourceTree = "<group>"; fileEncoding = 4; lastKnownFileType = sourcecode.c.h; explicitFileType = undefined; includeInIndex = 0; };
		8ED0F4E28D0B4FBAAB4DD887 /* GCDWebServerDataResponse.h */ = {isa = PBXFileReference; name = "GCDWebServerDataResponse.h"; path = "cordova-plugin-ionic-webview/GCDWebServerDataResponse.h"; sourceTree = "<group>"; fileEncoding = 4; lastKnownFileType = sourcecode.c.h; explicitFileType = undefined; includeInIndex = 0; };
		B730BA643FE8469DB9687B45 /* GCDWebServerErrorResponse.h */ = {isa = PBXFileReference; name = "GCDWebServerErrorResponse.h"; path = "cordova-plugin-ionic-webview/GCDWebServerErrorResponse.h"; sourceTree = "<group>"; fileEncoding = 4; lastKnownFileType = sourcecode.c.h; explicitFileType = undefined; includeInIndex = 0; };
		6F59CBD9E9594628934F5D71 /* GCDWebServerFileResponse.h */ = {isa = PBXFileReference; name = "GCDWebServerFileResponse.h"; path = "cordova-plugin-ionic-webview/GCDWebServerFileResponse.h"; sourceTree = "<group>"; fileEncoding = 4; lastKnownFileType = sourcecode.c.h; explicitFileType = undefined; includeInIndex = 0; };
		E2ECBF0E03F548869B7C2EA5 /* GCDWebServerStreamedResponse.h */ = {isa = PBXFileReference; name = "GCDWebServerStreamedResponse.h"; path = "cordova-plugin-ionic-webview/GCDWebServerStreamedResponse.h"; sourceTree = "<group>"; fileEncoding = 4; lastKnownFileType = sourcecode.c.h; explicitFileType = undefined; includeInIndex = 0; };
		BE2FABA2237B4D258BEE4C63 /* WebKit.framework */ = {isa = PBXFileReference; name = "WebKit.framework"; path = "System/Library/Frameworks/WebKit.framework"; sourceTree = SDKROOT; fileEncoding = undefined; lastKnownFileType = wrapper.framework; explicitFileType = undefined; includeInIndex = 0; };
		E914F29641824C99AE476C9F /* CDVLocation.m */ = {isa = PBXFileReference; name = "CDVLocation.m"; path = "cordova-plugin-geolocation/CDVLocation.m"; sourceTree = "<group>"; fileEncoding = 4; lastKnownFileType = sourcecode.c.objc; explicitFileType = undefined; includeInIndex = 0; };
		158EDBA99D73424697C53E1C /* CDVLocation.h */ = {isa = PBXFileReference; name = "CDVLocation.h"; path = "cordova-plugin-geolocation/CDVLocation.h"; sourceTree = "<group>"; fileEncoding = 4; lastKnownFileType = sourcecode.c.h; explicitFileType = undefined; includeInIndex = 0; };
/* End PBXFileReference section */

/* Begin PBXFrameworksBuildPhase section */
		1D60588F0D05DD3D006BFB54 /* Frameworks */ = {
			isa = PBXFrameworksBuildPhase;
			buildActionMask = 2147483647;
			files = (
				301BF552109A68D80062928A /* libCordova.a in Frameworks */,
				20A131F520644664B8B3D38F /* Accelerate.framework in Frameworks */,
				BA5B3BCFAB4E4C669257185B /* CoreData.framework in Frameworks */,
				9BAF9438358846E6B486D0F8 /* CoreLocation.framework in Frameworks */,
				82FB42C7012C4B88AAAF1F9B /* CoreTelephony.framework in Frameworks */,
				4B0F77103FF7422A88EBE608 /* CoreText.framework in Frameworks */,
				9F3403A4A65B411B8E319852 /* GLKit.framework in Frameworks */,
				50FCD671AE8741A785D37DEA /* ImageIO.framework in Frameworks */,
				0B929149D4274C37ACE2AF42 /* libc++.tbd in Frameworks */,
				EBB745D35DFF4F82AD1A98B3 /* libz.tbd in Frameworks */,
				AD3B51B1101E4FFCA0AA4CBA /* OpenGLES.framework in Frameworks */,
				50EB559812BB4DC18E15B9B2 /* QuartzCore.framework in Frameworks */,
				27FA574400E7412FA39197CC /* SystemConfiguration.framework in Frameworks */,
				96F57C0769814690A59230CF /* UIKit.framework in Frameworks */,
				3EFD4D3376DD4A16BCDDFC5F /* GoogleMapsBase.framework in Frameworks */,
				2393A7445407491EAAF3FDC0 /* GoogleMaps.framework in Frameworks */,
				73331E4811264E87BE4CB25F /* GoogleMapsCore.framework in Frameworks */,
				8FD89353A8E043B0AB3D23DD /* WebKit.framework in Frameworks */,
			);
			runOnlyForDeploymentPostprocessing = 0;
		};
/* End PBXFrameworksBuildPhase section */

/* Begin PBXGroup section */
		080E96DDFE201D6D7F000001 /* Classes */ = {
			isa = PBXGroup;
			children = (
				302D95EE14D2391D003F00A1 /* MainViewController.h */,
				302D95EF14D2391D003F00A1 /* MainViewController.m */,
				302D95F014D2391D003F00A1 /* MainViewController.xib */,
				1D3623240D0F684500981E51 /* AppDelegate.h */,
				1D3623250D0F684500981E51 /* AppDelegate.m */,
			);
			name = Classes;
			path = "Yoonwi/Classes";
			sourceTree = SOURCE_ROOT;
		};
		19C28FACFE9D520D11CA2CBB /* Products */ = {
			isa = PBXGroup;
			children = (
				1D6058910D05DD3D006BFB54 /* Yoonwi.app */,
			);
			name = Products;
			sourceTree = "<group>";
		};
		29B97314FDCFA39411CA2CEA /* CustomTemplate */ = {
			isa = PBXGroup;
			children = (
				EB87FDF41871DAF40020F90C /* config.xml */,
				EB87FDF31871DA8E0020F90C /* www */,
				EB87FDF11871DA420020F90C /* Staging */,
				301BF52D109A57CC0062928A /* CordovaLib.xcodeproj */,
				080E96DDFE201D6D7F000001 /* Classes */,
				307C750510C5A3420062BCA9 /* Plugins */,
				29B97315FDCFA39411CA2CEA /* Other Sources */,
				29B97317FDCFA39411CA2CEA /* Resources */,
				29B97323FDCFA39411CA2CEA /* Frameworks */,
				19C28FACFE9D520D11CA2CBB /* Products */,
			);
			name = CustomTemplate;
			sourceTree = "<group>";
		};
		29B97315FDCFA39411CA2CEA /* Other Sources */ = {
			isa = PBXGroup;
			children = (
				32CA4F630368D1EE00C91783 /* Yoonwi-Prefix.pch */,
				29B97316FDCFA39411CA2CEA /* main.m */,
				ED33DF2A687741AEAF9F8254 /* Bridging-Header.h */,
			);
			name = "Other Sources";
			path = "Yoonwi";
			sourceTree = "<group>";
		};
		29B97317FDCFA39411CA2CEA /* Resources */ = {
			isa = PBXGroup;
			children = (
				0207DA571B56EA530066E2B4 /* Images.xcassets */,
				3047A50E1AB8057F00498E2A /* config */,
				8D1107310486CEB800E47090 /* Yoonwi-Info.plist */,
				6AFF5BF81D6E424B00AB3073 /* CDVLaunchScreen.storyboard */,
				44C78AC0ED804BDB86D1BBAC /* GoogleMaps.bundle */,
			);
			name = Resources;
			path = "Yoonwi/Resources";
			sourceTree = "<group>";
		};
		29B97323FDCFA39411CA2CEA /* Frameworks */ = {
			isa = PBXGroup;
			children = (
				0894EFFA12184C569EB6F72A /* Accelerate.framework */,
				CB99A88B52C840DF844211C7 /* CoreData.framework */,
				6273015436BA4B2881BCBB0D /* CoreLocation.framework */,
				AF65A97E692A44659628FAE3 /* CoreTelephony.framework */,
				6CC01C12130E43FBA0A3DF4B /* CoreText.framework */,
				70856F9A88FD44FC8AF6F620 /* GLKit.framework */,
				D59A5222CD394921BB795870 /* ImageIO.framework */,
				BAD49FFE3783463F9BF9D308 /* libc++.tbd */,
				F308D4D8BCEA4966ACEABE9B /* libz.tbd */,
				2E585D2600754186998F869C /* OpenGLES.framework */,
				1FA3635076D14A59845123FE /* QuartzCore.framework */,
				8DF618B30E7C4713860BBD24 /* SystemConfiguration.framework */,
				2D0349401EAA421F9B4299EB /* UIKit.framework */,
				03DF199350EE4AE0A47D5A14 /* GoogleMapsBase.framework */,
				A10BA2DB326F43D2A5D934CA /* GoogleMaps.framework */,
				7CC862FF26B743AF8C081E70 /* GoogleMapsCore.framework */,
				BE2FABA2237B4D258BEE4C63 /* WebKit.framework */,
			);
			name = Frameworks;
			sourceTree = "<group>";
		};
		301BF52E109A57CC0062928A /* Products */ = {
			isa = PBXGroup;
			children = (
				301BF535109A57CC0062928A /* libCordova.a */,
			);
			name = Products;
			sourceTree = "<group>";
		};
		3047A50E1AB8057F00498E2A /* config */ = {
			isa = PBXGroup;
			children = (
				3047A50F1AB8059700498E2A /* build-debug.xcconfig */,
				3047A5101AB8059700498E2A /* build-release.xcconfig */,
				3047A5111AB8059700498E2A /* build.xcconfig */,
			);
			name = config;
			sourceTree = "<group>";
		};
		307C750510C5A3420062BCA9 /* Plugins */ = {
			isa = PBXGroup;
			children = (
				F489CCBB0A0A47F28599EBF6 /* PluginCircle.m */,
				8A9D1A4B205E4032919E4331 /* External.m */,
				E330B9464B7F4385AA5F9FF9 /* PluginGeocoder.m */,
				B5FCE4A0D6C7434EAD2CBB2F /* Environment.m */,
				0E02B93F91AA46F58D4A2231 /* CordovaGoogleMaps.m */,
				2F5623AA4DAB47168D9572BB /* GoogleMapsViewController.m */,
				B340F9A8A5504E7895491C05 /* PluginGroundOverlay.m */,
				39A369421AD54A27A00AD10A /* PluginKmlOverlay.m */,
				391C38258D4D47BA9458A085 /* PluginMap.m */,
				C86C2ED8023348B9979150C1 /* PluginMarker.m */,
				74F4AA414E814D28B6551603 /* PluginUtil.m */,
				F4046436E05849519C14E0E4 /* PluginPolygon.m */,
				278D537271A6489B9A9FCED5 /* PluginPolyline.m */,
				20C67BA92E55440E86DD390C /* PluginTileProvider.m */,
				C6142020676C46D2A03C7DEE /* TBXML.m */,
				EB853CCE2A214FA3B6E549C3 /* PluginTileOverlay.m */,
				C711E869C67E4FE0BE5E7F86 /* NSData+Base64.m */,
				5EDB5562C98642A5BDB0CC03 /* GMSCoordinateBounds+Geometry.m */,
				CB62F05825BB4F8BAEBA1857 /* MyPluginLayer.m */,
				49242F10857641DCADF1DE45 /* MyPluginLayerDebugView.m */,
				A11E863E9DC8474A970AA49C /* MyPluginScrollView.m */,
				EDB7CFFA58134E3CB47206C6 /* PluginMarkerCluster.m */,
				A565AA8FA45C45B599BEA2BB /* UIImageCache.m */,
				FFAE7CDD40B24003A72273A1 /* PluginCircle.h */,
				D4341DD927DE4FC4ABB10F53 /* External.h */,
				02E1121CB7A24C87A1300664 /* PluginGeocoder.h */,
				F50E38D2110447A6AA5B7CD1 /* Environment.h */,
				45D199465B5B408293EE9CF9 /* CordovaGoogleMaps.h */,
				C530339F909A446DADBD53BE /* GoogleMapsViewController.h */,
				0262E86F4BE141B4B5860269 /* PluginGroundOverlay.h */,
				F140140B3A1C4781917F4037 /* PluginKmlOverlay.h */,
				56CE07B3E72B4479BA04F654 /* PluginMap.h */,
				21611086DFEC44E7B2AB86CA /* PluginMarker.h */,
				258049BFD7624D94AC1BFC32 /* MyPlgunProtocol.h */,
				667BC134D080489590EDC1A8 /* PluginUtil.h */,
				3C577456B5DB4E76BEB8FA7B /* PluginPolygon.h */,
				0C9DA75D0B1646A2B849E7FC /* PluginPolyline.h */,
				905A0FAD8AA749B0A4E523C0 /* PluginTileProvider.h */,
				53CCA630724443BF8E34FEB7 /* TBXML.h */,
				99C9A92ECD2248CB92172F36 /* PluginTileOverlay.h */,
				C9534D8CBD4F4A668C9F8097 /* NSData+Base64.h */,
				4030A0A5145A4E6DB2E3126A /* NSData+Base64.podspec */,
				DCFBCF35B5E342C3ADA0E3C8 /* GMSCoordinateBounds+Geometry.h */,
				9768528A36B64E499AAFC8F4 /* MyPluginLayer.h */,
				866F4968A5004CB3A78F1A5A /* MyPluginLayerDebugView.h */,
				AC95A774D486403E83D71803 /* MyPluginScrollView.h */,
				51C7DD555CA24F44B000F802 /* PluginMarkerCluster.h */,
				6E4C32311DCA4297B663E437 /* UIImageCache.h */,
				BC8E554AE65D4105884A74E8 /* IonicKeyboard.m */,
				C97AC6E7F8AC49D399BF0BEA /* IonicKeyboard.h */,
				F814D68F8CC54B049E057BEF /* CDVDevice.m */,
				17AEFAA1C219410E9BD70C41 /* CDVDevice.h */,
				BEACEE279D6E489195FAE707 /* CDVWKWebViewEngine.m */,
				62B960680C1D43A58A151F17 /* CDVWKWebViewUIDelegate.m */,
				D609243F325142D2A06F1E1F /* CDVWKProcessPoolFactory.m */,
				6D686A7791A64BF0AF9F867A /* GCDWebServer.m */,
				A6426A8F3774413D82F1B997 /* GCDWebServerConnection.m */,
				B94381122917479DBADA5BCE /* GCDWebServerFunctions.m */,
				E558C550F8CE4DEF89B6C568 /* GCDWebServerRequest.m */,
				62FD5A6B598744F580141425 /* GCDWebServerResponse.m */,
				507D908037D44125BA302D25 /* GCDWebServerDataRequest.m */,
				B8D5F0364D1943749255D4B2 /* GCDWebServerFileRequest.m */,
				B5DBA31A9AE04164A5A997CA /* GCDWebServerMultiPartFormRequest.m */,
				2F682C64929F4C428CEE79F6 /* GCDWebServerURLEncodedFormRequest.m */,
				39E51561DE97429A8E4809D9 /* GCDWebServerDataResponse.m */,
				8A10CAD6A4984CA29606BB05 /* GCDWebServerErrorResponse.m */,
				8620651D5EB74FE1ABD256C9 /* GCDWebServerFileResponse.m */,
				10F7E3D951F348C1ACE2A1F9 /* GCDWebServerStreamedResponse.m */,
				00D41B39BF2A413BB1EC0DF2 /* CDVWKWebViewEngine.h */,
				0CB42CA03F564E6C83FDB99D /* CDVWKWebViewUIDelegate.h */,
				CFD7C094343F4529A8E4CD20 /* CDVWKProcessPoolFactory.h */,
				E0949A3714784E738BA05D38 /* GCDWebServer.h */,
				12E81F8DEDBC465D91561BBA /* GCDWebServerConnection.h */,
				98A94EC9ED84429EB84F6F9E /* GCDWebServerFunctions.h */,
				69CA6CEF9F6243FA871B9E49 /* GCDWebServerHTTPStatusCodes.h */,
				B29932A218F64CB0815D2E36 /* GCDWebServerPrivate.h */,
				8938A71320BE4C5690718AC9 /* GCDWebServerRequest.h */,
				D9F58BEFDF894FC4BC0013DF /* GCDWebServerResponse.h */,
				3FDC4CA3D0D347A6AC0C00A8 /* GCDWebServerDataRequest.h */,
				37650FA24666492F85C13AE3 /* GCDWebServerFileRequest.h */,
				710BFE62D2614F99B116C422 /* GCDWebServerMultiPartFormRequest.h */,
				F6D29022C59346EBBCC95AA4 /* GCDWebServerURLEncodedFormRequest.h */,
				8ED0F4E28D0B4FBAAB4DD887 /* GCDWebServerDataResponse.h */,
				B730BA643FE8469DB9687B45 /* GCDWebServerErrorResponse.h */,
				6F59CBD9E9594628934F5D71 /* GCDWebServerFileResponse.h */,
				E2ECBF0E03F548869B7C2EA5 /* GCDWebServerStreamedResponse.h */,
				E914F29641824C99AE476C9F /* CDVLocation.m */,
				158EDBA99D73424697C53E1C /* CDVLocation.h */,
			);
			name = Plugins;
			path = "Yoonwi/Plugins";
			sourceTree = SOURCE_ROOT;
		};
		EB87FDF11871DA420020F90C /* Staging */ = {
			isa = PBXGroup;
			children = (
				F840E1F0165FE0F500CFE078 /* config.xml */,
				301BF56E109A69640062928A /* www */,
			);
			name = Staging;
			sourceTree = "<group>";
		};
/* End PBXGroup section */

/* Begin PBXNativeTarget section */
		1D6058900D05DD3D006BFB54 /* Yoonwi */ = {
			isa = PBXNativeTarget;
			buildConfigurationList = 1D6058960D05DD3E006BFB54 /* Build configuration list for PBXNativeTarget "Yoonwi" */;
			buildPhases = (
				304B58A110DAC018002A0835 /* Copy www directory */,
				1D60588D0D05DD3D006BFB54 /* Resources */,
				1D60588E0D05DD3D006BFB54 /* Sources */,
				1D60588F0D05DD3D006BFB54 /* Frameworks */,
			);
			buildRules = (
			);
			dependencies = (
				301BF551109A68C00062928A /* PBXTargetDependency */,
			);
			name = "Yoonwi";
			productName = "Yoonwi";
			productReference = 1D6058910D05DD3D006BFB54 /* Yoonwi.app */;
			productType = "com.apple.product-type.application";
		};
/* End PBXNativeTarget section */

/* Begin PBXProject section */
		29B97313FDCFA39411CA2CEA /* Project object */ = {
			isa = PBXProject;
			attributes = {
				LastUpgradeCheck = 510;
			};
			buildConfigurationList = C01FCF4E08A954540054247B /* Build configuration list for PBXProject "__NON-CLI__" */;
			compatibilityVersion = "Xcode 3.2";
			developmentRegion = English;
			hasScannedForEncodings = 1;
			mainGroup = 29B97314FDCFA39411CA2CEA /* CustomTemplate */;
			projectDirPath = "";
			projectReferences = (
				{
					ProductGroup = 301BF52E109A57CC0062928A /* Products */;
					ProjectRef = 301BF52D109A57CC0062928A /* CordovaLib.xcodeproj */;
				},
			);
			projectRoot = "";
			targets = (
				1D6058900D05DD3D006BFB54 /* Yoonwi */,
			);
		};
/* End PBXProject section */

/* Begin PBXReferenceProxy section */
		301BF535109A57CC0062928A /* libCordova.a */ = {
			isa = PBXReferenceProxy;
			fileType = archive.ar;
			path = libCordova.a;
			remoteRef = 301BF534109A57CC0062928A /* PBXContainerItemProxy */;
			sourceTree = BUILT_PRODUCTS_DIR;
		};
/* End PBXReferenceProxy section */

/* Begin PBXResourcesBuildPhase section */
		1D60588D0D05DD3D006BFB54 /* Resources */ = {
			isa = PBXResourcesBuildPhase;
			buildActionMask = 2147483647;
			files = (
				302D95F214D2391D003F00A1 /* MainViewController.xib in Resources */,
				0207DA581B56EA530066E2B4 /* Images.xcassets in Resources */,
				6AFF5BF91D6E424B00AB3073 /* CDVLaunchScreen.storyboard in Resources */,
				B48779CAD0DE47A197B831C3 /* GoogleMaps.bundle in Resources */,
			);
			runOnlyForDeploymentPostprocessing = 0;
		};
/* End PBXResourcesBuildPhase section */

/* Begin PBXShellScriptBuildPhase section */
		304B58A110DAC018002A0835 /* Copy www directory */ = {
			isa = PBXShellScriptBuildPhase;
			buildActionMask = 2147483647;
			files = (
			);
			inputPaths = (
			);
			name = "Copy www directory";
			outputPaths = (
			);
			runOnlyForDeploymentPostprocessing = 0;
			shellPath = /bin/sh;
			shellScript = "NODEJS_PATH=/usr/local/bin; NVM_NODE_PATH=~/.nvm/versions/node/`nvm version 2>/dev/null`/bin; N_NODE_PATH=`find /usr/local/n/versions/node/* -maxdepth 0 -type d 2>/dev/null | tail -1`/bin; XCODE_NODE_PATH=`xcode-select --print-path`/usr/share/xcs/Node/bin; PATH=$NODEJS_PATH:$NVM_NODE_PATH:$N_NODE_PATH:$XCODE_NODE_PATH:$PATH && node cordova/lib/copy-www-build-step.js";
			showEnvVarsInLog = 0;
		};
/* End PBXShellScriptBuildPhase section */

/* Begin PBXSourcesBuildPhase section */
		1D60588E0D05DD3D006BFB54 /* Sources */ = {
			isa = PBXSourcesBuildPhase;
			buildActionMask = 2147483647;
			files = (
				1D60589B0D05DD56006BFB54 /* main.m in Sources */,
				1D3623260D0F684500981E51 /* AppDelegate.m in Sources */,
				302D95F114D2391D003F00A1 /* MainViewController.m in Sources */,
				A86ADCB314CE4D0EA67D4258 /* PluginCircle.m in Sources */,
				A445131256F548D3B5129C61 /* External.m in Sources */,
				2529A3DDEAF7494AB6744BE9 /* PluginGeocoder.m in Sources */,
				47E714E7A64C4CCA9F740781 /* Environment.m in Sources */,
				3764DEBA08F84DA48650AF0B /* CordovaGoogleMaps.m in Sources */,
				0A38CB2D4D9748ACB6B5C720 /* GoogleMapsViewController.m in Sources */,
				98EA6E212E5D479B9F48CCC0 /* PluginGroundOverlay.m in Sources */,
				E879B270CA454EBCBA8D6A2A /* PluginKmlOverlay.m in Sources */,
				9DDCE05CEF2141A9AD5DD253 /* PluginMap.m in Sources */,
				033FBD017CC34E209925C769 /* PluginMarker.m in Sources */,
				D2E138DA6093419FAFCB97B5 /* PluginUtil.m in Sources */,
				C2F5D80BE16A44988D9831C0 /* PluginPolygon.m in Sources */,
				9F7ACC85E81D42958C06511C /* PluginPolyline.m in Sources */,
				24A5C31F747A4E868BBD073F /* PluginTileProvider.m in Sources */,
				65F17B0D6716428E83868044 /* TBXML.m in Sources */,
				6DB12588BAA0498A9E4CC428 /* PluginTileOverlay.m in Sources */,
				970541ED2DC740CE9EAB2A55 /* NSData+Base64.m in Sources */,
				81CCEB6101D1427A8C36FF98 /* GMSCoordinateBounds+Geometry.m in Sources */,
				6FC2B7B0F8BC4D3C9618E25F /* MyPluginLayer.m in Sources */,
				2B4273C7D02C4426B0E59B62 /* MyPluginLayerDebugView.m in Sources */,
				C4218B1F752E478F8661C2C6 /* MyPluginScrollView.m in Sources */,
				1F42B5E0FC9545DBAA3C4CD7 /* PluginMarkerCluster.m in Sources */,
				EA415170196648999CAD1DAA /* UIImageCache.m in Sources */,
				AF354D6FC7434362B4FFF661 /* IonicKeyboard.m in Sources */,
				DC72BF21B4F64647BB2C0923 /* CDVDevice.m in Sources */,
				59E1BA96905B4CA4B8821EEA /* CDVWKWebViewEngine.m in Sources */,
				3C3F70568CE24D0EABEBA710 /* CDVWKWebViewUIDelegate.m in Sources */,
				0EBD1DCE2B3646D6BA9F79F1 /* CDVWKProcessPoolFactory.m in Sources */,
				965BA688D5EA4EE48C3931A7 /* GCDWebServer.m in Sources */,
				7218F251304045BE92D7436C /* GCDWebServerConnection.m in Sources */,
				5BFF57BD256748D0B2FB49D7 /* GCDWebServerFunctions.m in Sources */,
				95822EA3AC104789A023DF54 /* GCDWebServerRequest.m in Sources */,
				39702F370E99469599F24B7A /* GCDWebServerResponse.m in Sources */,
				DE431F87CB5544938E9F4005 /* GCDWebServerDataRequest.m in Sources */,
				B928C7ED346E4E93A5F4AAB5 /* GCDWebServerFileRequest.m in Sources */,
				1955342BF9954F3F889095FF /* GCDWebServerMultiPartFormRequest.m in Sources */,
				E4280F8EC1414B679E5E3B57 /* GCDWebServerURLEncodedFormRequest.m in Sources */,
				2361D4FCB26340E79A13ADC3 /* GCDWebServerDataResponse.m in Sources */,
				EE862350DDD04DC4A1FF75ED /* GCDWebServerErrorResponse.m in Sources */,
				A71BEA1FFDF54344B2DD5ECD /* GCDWebServerFileResponse.m in Sources */,
				1AE63F4BBF814610B5E356ED /* GCDWebServerStreamedResponse.m in Sources */,
				37EF18BE0DC24DDD85A3B3E2 /* CDVLocation.m in Sources */,
			);
			runOnlyForDeploymentPostprocessing = 0;
		};
/* End PBXSourcesBuildPhase section */

/* Begin PBXTargetDependency section */
		301BF551109A68C00062928A /* PBXTargetDependency */ = {
			isa = PBXTargetDependency;
			name = CordovaLib;
			targetProxy = 301BF550109A68C00062928A /* PBXContainerItemProxy */;
		};
/* End PBXTargetDependency section */

/* Begin XCBuildConfiguration section */
		1D6058940D05DD3E006BFB54 /* Debug */ = {
			isa = XCBuildConfiguration;
			baseConfigurationReference = 3047A50F1AB8059700498E2A /* build-debug.xcconfig */;
			buildSettings = {
				ALWAYS_SEARCH_USER_PATHS = NO;
				ASSETCATALOG_COMPILER_APPICON_NAME = AppIcon;
				ASSETCATALOG_COMPILER_LAUNCHIMAGE_NAME = LaunchImage;
				CLANG_ENABLE_MODULES = YES;
				CLANG_ENABLE_OBJC_ARC = YES;
				COPY_PHASE_STRIP = NO;
				GCC_DYNAMIC_NO_PIC = NO;
				GCC_OPTIMIZATION_LEVEL = 0;
				GCC_PRECOMPILE_PREFIX_HEADER = YES;
				GCC_PREFIX_HEADER = "Yoonwi/Yoonwi-Prefix.pch";
				GCC_THUMB_SUPPORT = NO;
				GCC_VERSION = "";
				INFOPLIST_FILE = "Yoonwi/Yoonwi-Info.plist";
				IPHONEOS_DEPLOYMENT_TARGET = 9.0;
				LD_RUNPATH_SEARCH_PATHS = "@executable_path/Frameworks";
				TARGETED_DEVICE_FAMILY = "1,2";
				PRODUCT_NAME = "Yoonwi";
				FRAMEWORK_SEARCH_PATHS = (
					"$(inherited)",
					"\"Yoonwi/Plugins/com.googlemaps.ios\"",
					"\"Yoonwi/Plugins/com.googlemaps.ios\"",
					"\"Yoonwi/Plugins/com.googlemaps.ios\"",
				);
			};
			name = Debug;
		};
		1D6058950D05DD3E006BFB54 /* Release */ = {
			isa = XCBuildConfiguration;
			baseConfigurationReference = 3047A5101AB8059700498E2A /* build-release.xcconfig */;
			buildSettings = {
				ALWAYS_SEARCH_USER_PATHS = NO;
				ASSETCATALOG_COMPILER_APPICON_NAME = AppIcon;
				ASSETCATALOG_COMPILER_LAUNCHIMAGE_NAME = LaunchImage;
				CLANG_ENABLE_MODULES = YES;
				CLANG_ENABLE_OBJC_ARC = YES;
				COPY_PHASE_STRIP = YES;
				GCC_PRECOMPILE_PREFIX_HEADER = YES;
				GCC_PREFIX_HEADER = "Yoonwi/Yoonwi-Prefix.pch";
				GCC_THUMB_SUPPORT = NO;
				GCC_VERSION = "";
				INFOPLIST_FILE = "Yoonwi/Yoonwi-Info.plist";
				IPHONEOS_DEPLOYMENT_TARGET = 9.0;
				LD_RUNPATH_SEARCH_PATHS = "@executable_path/Frameworks";
				TARGETED_DEVICE_FAMILY = "1,2";
				PRODUCT_NAME = "Yoonwi";
				FRAMEWORK_SEARCH_PATHS = (
					"$(inherited)",
					"\"Yoonwi/Plugins/com.googlemaps.ios\"",
					"\"Yoonwi/Plugins/com.googlemaps.ios\"",
					"\"Yoonwi/Plugins/com.googlemaps.ios\"",
				);
			};
			name = Release;
		};
		C01FCF4F08A954540054247B /* Debug */ = {
			isa = XCBuildConfiguration;
			baseConfigurationReference = 3047A5111AB8059700498E2A /* build.xcconfig */;
			buildSettings = {
				CLANG_ENABLE_MODULES = YES;
				CLANG_ENABLE_OBJC_ARC = YES;
				CLANG_WARN_BOOL_CONVERSION = YES;
				CLANG_WARN_CONSTANT_CONVERSION = YES;
				CLANG_WARN_EMPTY_BODY = YES;
				CLANG_WARN_ENUM_CONVERSION = YES;
				CLANG_WARN_INT_CONVERSION = YES;
				CLANG_WARN__DUPLICATE_METHOD_MATCH = YES;
				GCC_C_LANGUAGE_STANDARD = c99;
				GCC_THUMB_SUPPORT = NO;
				GCC_VERSION = "";
				GCC_WARN_ABOUT_RETURN_TYPE = YES;
				GCC_WARN_UNDECLARED_SELECTOR = YES;
				GCC_WARN_UNINITIALIZED_AUTOS = YES;
				GCC_WARN_UNUSED_FUNCTION = YES;
				GCC_WARN_UNUSED_VARIABLE = YES;
				ONLY_ACTIVE_ARCH = YES;
				SDKROOT = iphoneos;
				SKIP_INSTALL = NO;
			};
			name = Debug;
		};
		C01FCF5008A954540054247B /* Release */ = {
			isa = XCBuildConfiguration;
			baseConfigurationReference = 3047A5111AB8059700498E2A /* build.xcconfig */;
			buildSettings = {
				CLANG_ENABLE_MODULES = YES;
				CLANG_ENABLE_OBJC_ARC = YES;
				CLANG_WARN_BOOL_CONVERSION = YES;
				CLANG_WARN_CONSTANT_CONVERSION = YES;
				CLANG_WARN_EMPTY_BODY = YES;
				CLANG_WARN_ENUM_CONVERSION = YES;
				CLANG_WARN_INT_CONVERSION = YES;
				CLANG_WARN__DUPLICATE_METHOD_MATCH = YES;
				GCC_C_LANGUAGE_STANDARD = c99;
				GCC_THUMB_SUPPORT = NO;
				GCC_VERSION = "";
				GCC_WARN_ABOUT_RETURN_TYPE = YES;
				GCC_WARN_UNDECLARED_SELECTOR = YES;
				GCC_WARN_UNINITIALIZED_AUTOS = YES;
				GCC_WARN_UNUSED_FUNCTION = YES;
				GCC_WARN_UNUSED_VARIABLE = YES;
				SDKROOT = iphoneos;
				SKIP_INSTALL = NO;
			};
			name = Release;
		};
/* End XCBuildConfiguration section */

/* Begin XCConfigurationList section */
		1D6058960D05DD3E006BFB54 /* Build configuration list for PBXNativeTarget "Yoonwi" */ = {
			isa = XCConfigurationList;
			buildConfigurations = (
				1D6058940D05DD3E006BFB54 /* Debug */,
				1D6058950D05DD3E006BFB54 /* Release */,
			);
			defaultConfigurationIsVisible = 0;
			defaultConfigurationName = Release;
		};
		C01FCF4E08A954540054247B /* Build configuration list for PBXProject "__NON-CLI__" */ = {
			isa = XCConfigurationList;
			buildConfigurations = (
				C01FCF4F08A954540054247B /* Debug */,
				C01FCF5008A954540054247B /* Release */,
			);
			defaultConfigurationIsVisible = 0;
			defaultConfigurationName = Release;
		};
/* End XCConfigurationList section */
	};
	rootObject = 29B97313FDCFA39411CA2CEA /* Project object */;
}
